
Microsoft Visual Studio Solution File, Format Version 12.00
# Visual Studio Version 17
VisualStudioVersion = 17.5.33424.131
MinimumVisualStudioVersion = 10.0.40219.1
Project("{9A19103F-16F7-4668-BE54-9A1E7A4F7556}") = "Modul1", "Modul1\Modul1.csproj", "{D8779597-75D1-44A6-AD03-5F748856CFC9}"
EndProject
Project("{9A19103F-16F7-4668-BE54-9A1E7A4F7556}") = "Modul2", "Modul2\Modul2.csproj", "{64D46915-9AE6-4D4C-A30C-8AD91033D132}"
EndProject
Project("{9A19103F-16F7-4668-BE54-9A1E7A4F7556}") = "Modul3", "Modul3\Modul3.csproj", "{EC91AF81-FE7B-4CD2-A7F2-D19225DA07EE}"
EndProject
Project("{2150E333-8FDC-42A3-9474-1A3956D46DE8}") = "Modul5", "Modul5", "{9AB0466F-753E-418D-B0D6-296C32A70065}"
EndProject
Project("{9A19103F-16F7-4668-BE54-9A1E7A4F7556}") = "EFIntro", "Modul5\EFIntro\EFIntro.csproj", "{24DF8340-1DEC-4411-9E5B-B243908342A4}"
EndProject
Project("{9A19103F-16F7-4668-BE54-9A1E7A4F7556}") = "TodoListBlazor", "Modul5\TODO\TodoListBlazor.csproj", "{B86CB632-4F1D-4B85-BBED-2F6C807BCB94}"
EndProject
Project("{2150E333-8FDC-42A3-9474-1A3956D46DE8}") = "Modul4", "Modul4", "{69B5BA2A-F7BA-4F7C-A1ED-04BC8148A361}"
EndProject
Project("{9A19103F-16F7-4668-BE54-9A1E7A4F7556}") = "TodoListBlazor", "Modul4\TodoListBlazor.csproj", "{A5E6E034-21B8-452F-B753-BB8ABE768959}"
EndProject
Project("{2150E333-8FDC-42A3-9474-1A3956D46DE8}") = "Modul6", "Modul6", "{1C37FD64-EC68-4A48-AC1B-A09170688790}"
EndProject
Project("{9A19103F-16F7-4668-BE54-9A1E7A4F7556}") = "TodoApi", "Modul6\book-api-ef\TodoApi.csproj", "{F85BB323-E1AC-41E1-9561-5DA601554C17}"
EndProject
Project("{2150E333-8FDC-42A3-9474-1A3956D46DE8}") = "Modul7-9", "Modul7-9", "{3F7DD186-4D1E-4383-A6EA-B9EDAD7D6860}"
EndProject
Project("{9A19103F-16F7-4668-BE54-9A1E7A4F7556}") = "EFModul6", "Modul6\EFModul6\EFModul6.csproj", "{B4D5939D-2268-4303-9FC3-A6BE37628254}"
EndProject
Project("{9A19103F-16F7-4668-BE54-9A1E7A4F7556}") = "Notit.Shared", "Modul7-9\Shared\Notit.Shared.csproj", "{5894F147-FA92-4E65-A8F1-4CCEE7E152D6}"
EndProject
Project("{9A19103F-16F7-4668-BE54-9A1E7A4F7556}") = "Notit.API", "Modul7-9\Notit-API\Notit.API.csproj", "{F0739BB8-B3BA-4D54-9F3C-9FB0CE376C01}"
EndProject
Project("{9A19103F-16F7-4668-BE54-9A1E7A4F7556}") = "Notit.Client", "Modul7-9\Notit\Notit.Client.csproj", "{2CC0BEE1-7350-4A8B-AE79-3C70DB9341BD}"
EndProject
Project("{2150E333-8FDC-42A3-9474-1A3956D46DE8}") = "Modul10", "Modul10", "{AD920A60-6B3F-4E95-B4E2-13CC6AC337DA}"
EndProject
Project("{9A19103F-16F7-4668-BE54-9A1E7A4F7556}") = "search", "Modul10\search\search.csproj", "{8DAAADDC-9286-4D25-8694-B9961A203253}"
EndProject
Project("{2150E333-8FDC-42A3-9474-1A3956D46DE8}") = "Modul11", "Modul11", "{674015E6-CAF9-4EA5-8AFA-C18386A4B9EF}"
EndProject
Project("{9A19103F-16F7-4668-BE54-9A1E7A4F7556}") = "list", "Modul11\LinkedList\list.csproj", "{1CAD4A0B-AAF3-47D1-9227-110D836B9D21}"
EndProject
Project("{2150E333-8FDC-42A3-9474-1A3956D46DE8}") = "Modul12", "Modul12", "{007C165B-57F9-4F6E-916E-14076E62DFCF}"
EndProject
Project("{9A19103F-16F7-4668-BE54-9A1E7A4F7556}") = "sortering", "Modul12\Sortering\sortering.csproj", "{A1B012BC-3A3B-4E24-895D-1E0D0861226E}"
EndProject
Project("{2150E333-8FDC-42A3-9474-1A3956D46DE8}") = "Modul13", "Modul13", "{197492BA-60F5-4ACC-8591-3EA0D0CA0E3E}"
EndProject
Project("{9A19103F-16F7-4668-BE54-9A1E7A4F7556}") = "eksempel", "Modul13\eksempel\eksempel.csproj", "{26E76BCF-BA11-48A0-97DD-E1D0AF4FEBE3}"
EndProject
Project("{9A19103F-16F7-4668-BE54-9A1E7A4F7556}") = "hashing", "Modul13\Hashing\hashing.csproj", "{CED38BB1-AA04-4360-984B-9CA2B1D92EB3}"
EndProject
Project("{2150E333-8FDC-42A3-9474-1A3956D46DE8}") = "Modul14-15", "Modul14-15", "{DA235AB1-20A3-4628-B741-E5B715DEDE0C}"
EndProject
Project("{9A19103F-16F7-4668-BE54-9A1E7A4F7556}") = "ordination-api", "Modul14-15\ordination-api\ordination-api.csproj", "{22516973-81C2-45F6-97C0-4472AB110721}"
EndProject
Project("{9A19103F-16F7-4668-BE54-9A1E7A4F7556}") = "ordination-blazor", "Modul14-15\ordination-blazor\ordination-blazor.csproj", "{38094306-AA69-4B34-8BE7-6C0AA9E8C2A3}"
EndProject
Project("{9A19103F-16F7-4668-BE54-9A1E7A4F7556}") = "ordination-test", "Modul14-15\ordination-test\ordination-test.csproj", "{24319BF4-7FDE-45F9-94E1-68D643904A37}"
EndProject
Project("{9A19103F-16F7-4668-BE54-9A1E7A4F7556}") = "shared", "Modul14-15\shared\shared.csproj", "{63D0A8D6-AF0B-42B4-BAF1-69B5976C29B8}"
EndProject
Project("{2150E333-8FDC-42A3-9474-1A3956D46DE8}") = "Modul16", "Modul16", "{96F93C2B-B659-4E4E-9E65-2379FE3BF24C}"
EndProject
Project("{9A19103F-16F7-4668-BE54-9A1E7A4F7556}") = "HashedPassword", "Modul16\password-hashing\HashedPassword.csproj", "{E9B03C0B-F4C0-47D1-92EE-7014E6175160}"
EndProject
Project("{9A19103F-16F7-4668-BE54-9A1E7A4F7556}") = "secure-api", "Modul16\unsecure-api\secure-api.csproj", "{77045643-0904-4E0C-9C88-A8928A1F1920}"
EndProject
Global
	GlobalSection(SolutionConfigurationPlatforms) = preSolution
		Debug|Any CPU = Debug|Any CPU
		Release|Any CPU = Release|Any CPU
	EndGlobalSection
	GlobalSection(ProjectConfigurationPlatforms) = postSolution
		{D8779597-75D1-44A6-AD03-5F748856CFC9}.Debug|Any CPU.ActiveCfg = Debug|Any CPU
		{D8779597-75D1-44A6-AD03-5F748856CFC9}.Debug|Any CPU.Build.0 = Debug|Any CPU
		{D8779597-75D1-44A6-AD03-5F748856CFC9}.Release|Any CPU.ActiveCfg = Release|Any CPU
		{D8779597-75D1-44A6-AD03-5F748856CFC9}.Release|Any CPU.Build.0 = Release|Any CPU
		{64D46915-9AE6-4D4C-A30C-8AD91033D132}.Debug|Any CPU.ActiveCfg = Debug|Any CPU
		{64D46915-9AE6-4D4C-A30C-8AD91033D132}.Debug|Any CPU.Build.0 = Debug|Any CPU
		{64D46915-9AE6-4D4C-A30C-8AD91033D132}.Release|Any CPU.ActiveCfg = Release|Any CPU
		{64D46915-9AE6-4D4C-A30C-8AD91033D132}.Release|Any CPU.Build.0 = Release|Any CPU
		{EC91AF81-FE7B-4CD2-A7F2-D19225DA07EE}.Debug|Any CPU.ActiveCfg = Debug|Any CPU
		{EC91AF81-FE7B-4CD2-A7F2-D19225DA07EE}.Debug|Any CPU.Build.0 = Debug|Any CPU
		{EC91AF81-FE7B-4CD2-A7F2-D19225DA07EE}.Release|Any CPU.ActiveCfg = Release|Any CPU
		{EC91AF81-FE7B-4CD2-A7F2-D19225DA07EE}.Release|Any CPU.Build.0 = Release|Any CPU
		{24DF8340-1DEC-4411-9E5B-B243908342A4}.Debug|Any CPU.ActiveCfg = Debug|Any CPU
		{24DF8340-1DEC-4411-9E5B-B243908342A4}.Debug|Any CPU.Build.0 = Debug|Any CPU
		{24DF8340-1DEC-4411-9E5B-B243908342A4}.Release|Any CPU.ActiveCfg = Release|Any CPU
		{24DF8340-1DEC-4411-9E5B-B243908342A4}.Release|Any CPU.Build.0 = Release|Any CPU
		{B86CB632-4F1D-4B85-BBED-2F6C807BCB94}.Debug|Any CPU.ActiveCfg = Debug|Any CPU
		{B86CB632-4F1D-4B85-BBED-2F6C807BCB94}.Debug|Any CPU.Build.0 = Debug|Any CPU
		{B86CB632-4F1D-4B85-BBED-2F6C807BCB94}.Release|Any CPU.ActiveCfg = Release|Any CPU
		{B86CB632-4F1D-4B85-BBED-2F6C807BCB94}.Release|Any CPU.Build.0 = Release|Any CPU
		{A5E6E034-21B8-452F-B753-BB8ABE768959}.Debug|Any CPU.ActiveCfg = Debug|Any CPU
		{A5E6E034-21B8-452F-B753-BB8ABE768959}.Debug|Any CPU.Build.0 = Debug|Any CPU
		{A5E6E034-21B8-452F-B753-BB8ABE768959}.Release|Any CPU.ActiveCfg = Release|Any CPU
		{A5E6E034-21B8-452F-B753-BB8ABE768959}.Release|Any CPU.Build.0 = Release|Any CPU
		{F85BB323-E1AC-41E1-9561-5DA601554C17}.Debug|Any CPU.ActiveCfg = Debug|Any CPU
		{F85BB323-E1AC-41E1-9561-5DA601554C17}.Debug|Any CPU.Build.0 = Debug|Any CPU
		{F85BB323-E1AC-41E1-9561-5DA601554C17}.Release|Any CPU.ActiveCfg = Release|Any CPU
		{F85BB323-E1AC-41E1-9561-5DA601554C17}.Release|Any CPU.Build.0 = Release|Any CPU
		{B4D5939D-2268-4303-9FC3-A6BE37628254}.Debug|Any CPU.ActiveCfg = Debug|Any CPU
		{B4D5939D-2268-4303-9FC3-A6BE37628254}.Debug|Any CPU.Build.0 = Debug|Any CPU
		{B4D5939D-2268-4303-9FC3-A6BE37628254}.Release|Any CPU.ActiveCfg = Release|Any CPU
		{B4D5939D-2268-4303-9FC3-A6BE37628254}.Release|Any CPU.Build.0 = Release|Any CPU
		{5894F147-FA92-4E65-A8F1-4CCEE7E152D6}.Debug|Any CPU.ActiveCfg = Debug|Any CPU
		{5894F147-FA92-4E65-A8F1-4CCEE7E152D6}.Debug|Any CPU.Build.0 = Debug|Any CPU
		{5894F147-FA92-4E65-A8F1-4CCEE7E152D6}.Release|Any CPU.ActiveCfg = Release|Any CPU
		{5894F147-FA92-4E65-A8F1-4CCEE7E152D6}.Release|Any CPU.Build.0 = Release|Any CPU
		{F0739BB8-B3BA-4D54-9F3C-9FB0CE376C01}.Debug|Any CPU.ActiveCfg = Debug|Any CPU
		{F0739BB8-B3BA-4D54-9F3C-9FB0CE376C01}.Debug|Any CPU.Build.0 = Debug|Any CPU
		{F0739BB8-B3BA-4D54-9F3C-9FB0CE376C01}.Release|Any CPU.ActiveCfg = Release|Any CPU
		{F0739BB8-B3BA-4D54-9F3C-9FB0CE376C01}.Release|Any CPU.Build.0 = Release|Any CPU
		{2CC0BEE1-7350-4A8B-AE79-3C70DB9341BD}.Debug|Any CPU.ActiveCfg = Debug|Any CPU
		{2CC0BEE1-7350-4A8B-AE79-3C70DB9341BD}.Debug|Any CPU.Build.0 = Debug|Any CPU
		{2CC0BEE1-7350-4A8B-AE79-3C70DB9341BD}.Release|Any CPU.ActiveCfg = Release|Any CPU
		{2CC0BEE1-7350-4A8B-AE79-3C70DB9341BD}.Release|Any CPU.Build.0 = Release|Any CPU
		{8DAAADDC-9286-4D25-8694-B9961A203253}.Debug|Any CPU.ActiveCfg = Debug|Any CPU
		{8DAAADDC-9286-4D25-8694-B9961A203253}.Debug|Any CPU.Build.0 = Debug|Any CPU
		{8DAAADDC-9286-4D25-8694-B9961A203253}.Release|Any CPU.ActiveCfg = Release|Any CPU
		{8DAAADDC-9286-4D25-8694-B9961A203253}.Release|Any CPU.Build.0 = Release|Any CPU
		{1CAD4A0B-AAF3-47D1-9227-110D836B9D21}.Debug|Any CPU.ActiveCfg = Debug|Any CPU
		{1CAD4A0B-AAF3-47D1-9227-110D836B9D21}.Debug|Any CPU.Build.0 = Debug|Any CPU
		{1CAD4A0B-AAF3-47D1-9227-110D836B9D21}.Release|Any CPU.ActiveCfg = Release|Any CPU
		{1CAD4A0B-AAF3-47D1-9227-110D836B9D21}.Release|Any CPU.Build.0 = Release|Any CPU
		{A1B012BC-3A3B-4E24-895D-1E0D0861226E}.Debug|Any CPU.ActiveCfg = Debug|Any CPU
		{A1B012BC-3A3B-4E24-895D-1E0D0861226E}.Debug|Any CPU.Build.0 = Debug|Any CPU
		{A1B012BC-3A3B-4E24-895D-1E0D0861226E}.Release|Any CPU.ActiveCfg = Release|Any CPU
		{A1B012BC-3A3B-4E24-895D-1E0D0861226E}.Release|Any CPU.Build.0 = Release|Any CPU
		{26E76BCF-BA11-48A0-97DD-E1D0AF4FEBE3}.Debug|Any CPU.ActiveCfg = Debug|Any CPU
		{26E76BCF-BA11-48A0-97DD-E1D0AF4FEBE3}.Debug|Any CPU.Build.0 = Debug|Any CPU
		{26E76BCF-BA11-48A0-97DD-E1D0AF4FEBE3}.Release|Any CPU.ActiveCfg = Release|Any CPU
		{26E76BCF-BA11-48A0-97DD-E1D0AF4FEBE3}.Release|Any CPU.Build.0 = Release|Any CPU
		{CED38BB1-AA04-4360-984B-9CA2B1D92EB3}.Debug|Any CPU.ActiveCfg = Debug|Any CPU
		{CED38BB1-AA04-4360-984B-9CA2B1D92EB3}.Debug|Any CPU.Build.0 = Debug|Any CPU
		{CED38BB1-AA04-4360-984B-9CA2B1D92EB3}.Release|Any CPU.ActiveCfg = Release|Any CPU
		{CED38BB1-AA04-4360-984B-9CA2B1D92EB3}.Release|Any CPU.Build.0 = Release|Any CPU
		{22516973-81C2-45F6-97C0-4472AB110721}.Debug|Any CPU.ActiveCfg = Debug|Any CPU
		{22516973-81C2-45F6-97C0-4472AB110721}.Debug|Any CPU.Build.0 = Debug|Any CPU
		{22516973-81C2-45F6-97C0-4472AB110721}.Release|Any CPU.ActiveCfg = Release|Any CPU
		{22516973-81C2-45F6-97C0-4472AB110721}.Release|Any CPU.Build.0 = Release|Any CPU
		{38094306-AA69-4B34-8BE7-6C0AA9E8C2A3}.Debug|Any CPU.ActiveCfg = Debug|Any CPU
		{38094306-AA69-4B34-8BE7-6C0AA9E8C2A3}.Debug|Any CPU.Build.0 = Debug|Any CPU
		{38094306-AA69-4B34-8BE7-6C0AA9E8C2A3}.Release|Any CPU.ActiveCfg = Release|Any CPU
		{38094306-AA69-4B34-8BE7-6C0AA9E8C2A3}.Release|Any CPU.Build.0 = Release|Any CPU
		{24319BF4-7FDE-45F9-94E1-68D643904A37}.Debug|Any CPU.ActiveCfg = Debug|Any CPU
		{24319BF4-7FDE-45F9-94E1-68D643904A37}.Debug|Any CPU.Build.0 = Debug|Any CPU
		{24319BF4-7FDE-45F9-94E1-68D643904A37}.Release|Any CPU.ActiveCfg = Release|Any CPU
		{24319BF4-7FDE-45F9-94E1-68D643904A37}.Release|Any CPU.Build.0 = Release|Any CPU
		{63D0A8D6-AF0B-42B4-BAF1-69B5976C29B8}.Debug|Any CPU.ActiveCfg = Debug|Any CPU
		{63D0A8D6-AF0B-42B4-BAF1-69B5976C29B8}.Debug|Any CPU.Build.0 = Debug|Any CPU
		{63D0A8D6-AF0B-42B4-BAF1-69B5976C29B8}.Release|Any CPU.ActiveCfg = Release|Any CPU
		{63D0A8D6-AF0B-42B4-BAF1-69B5976C29B8}.Release|Any CPU.Build.0 = Release|Any CPU
		{E9B03C0B-F4C0-47D1-92EE-7014E6175160}.Debug|Any CPU.ActiveCfg = Debug|Any CPU
		{E9B03C0B-F4C0-47D1-92EE-7014E6175160}.Debug|Any CPU.Build.0 = Debug|Any CPU
		{E9B03C0B-F4C0-47D1-92EE-7014E6175160}.Release|Any CPU.ActiveCfg = Release|Any CPU
		{E9B03C0B-F4C0-47D1-92EE-7014E6175160}.Release|Any CPU.Build.0 = Release|Any CPU
		{77045643-0904-4E0C-9C88-A8928A1F1920}.Debug|Any CPU.ActiveCfg = Debug|Any CPU
		{77045643-0904-4E0C-9C88-A8928A1F1920}.Debug|Any CPU.Build.0 = Debug|Any CPU
		{77045643-0904-4E0C-9C88-A8928A1F1920}.Release|Any CPU.ActiveCfg = Release|Any CPU
		{77045643-0904-4E0C-9C88-A8928A1F1920}.Release|Any CPU.Build.0 = Release|Any CPU
	EndGlobalSection
	GlobalSection(SolutionProperties) = preSolution
		HideSolutionNode = FALSE
	EndGlobalSection
	GlobalSection(NestedProjects) = preSolution
		{24DF8340-1DEC-4411-9E5B-B243908342A4} = {9AB0466F-753E-418D-B0D6-296C32A70065}
		{B86CB632-4F1D-4B85-BBED-2F6C807BCB94} = {9AB0466F-753E-418D-B0D6-296C32A70065}
		{A5E6E034-21B8-452F-B753-BB8ABE768959} = {69B5BA2A-F7BA-4F7C-A1ED-04BC8148A361}
		{F85BB323-E1AC-41E1-9561-5DA601554C17} = {1C37FD64-EC68-4A48-AC1B-A09170688790}
		{B4D5939D-2268-4303-9FC3-A6BE37628254} = {1C37FD64-EC68-4A48-AC1B-A09170688790}
		{5894F147-FA92-4E65-A8F1-4CCEE7E152D6} = {3F7DD186-4D1E-4383-A6EA-B9EDAD7D6860}
		{F0739BB8-B3BA-4D54-9F3C-9FB0CE376C01} = {3F7DD186-4D1E-4383-A6EA-B9EDAD7D6860}
		{2CC0BEE1-7350-4A8B-AE79-3C70DB9341BD} = {3F7DD186-4D1E-4383-A6EA-B9EDAD7D6860}
		{8DAAADDC-9286-4D25-8694-B9961A203253} = {AD920A60-6B3F-4E95-B4E2-13CC6AC337DA}
		{1CAD4A0B-AAF3-47D1-9227-110D836B9D21} = {674015E6-CAF9-4EA5-8AFA-C18386A4B9EF}
		{A1B012BC-3A3B-4E24-895D-1E0D0861226E} = {007C165B-57F9-4F6E-916E-14076E62DFCF}
		{26E76BCF-BA11-48A0-97DD-E1D0AF4FEBE3} = {197492BA-60F5-4ACC-8591-3EA0D0CA0E3E}
		{CED38BB1-AA04-4360-984B-9CA2B1D92EB3} = {197492BA-60F5-4ACC-8591-3EA0D0CA0E3E}
		{22516973-81C2-45F6-97C0-4472AB110721} = {DA235AB1-20A3-4628-B741-E5B715DEDE0C}
		{38094306-AA69-4B34-8BE7-6C0AA9E8C2A3} = {DA235AB1-20A3-4628-B741-E5B715DEDE0C}
		{24319BF4-7FDE-45F9-94E1-68D643904A37} = {DA235AB1-20A3-4628-B741-E5B715DEDE0C}
		{63D0A8D6-AF0B-42B4-BAF1-69B5976C29B8} = {DA235AB1-20A3-4628-B741-E5B715DEDE0C}
		{E9B03C0B-F4C0-47D1-92EE-7014E6175160} = {96F93C2B-B659-4E4E-9E65-2379FE3BF24C}
		{77045643-0904-4E0C-9C88-A8928A1F1920} = {96F93C2B-B659-4E4E-9E65-2379FE3BF24C}
	EndGlobalSection
	GlobalSection(ExtensibilityGlobals) = postSolution
		SolutionGuid = {2F39DD75-FFB0-47C1-AD44-B94A11BD1501}
	EndGlobalSection
EndGlobal
